
Microsoft Visual Studio Solution File, Format Version 12.00
# Visual Studio Version 17
VisualStudioVersion = 17.4.33205.214
MinimumVisualStudioVersion = 10.0.40219.1
Project("{9A19103F-16F7-4668-BE54-9A1E7A4F7556}") = "MyWeb", "MyWeb\MyWeb.csproj", "{97CD71D9-1C28-4E27-A55A-29304EE0771D}"
EndProject
Project("{9A19103F-16F7-4668-BE54-9A1E7A4F7556}") = "MyWebDataLayer", "..\MyWebDataLayer\MyWebDataLayer.csproj", "{D34F95A2-C035-42A3-9E11-7BFBCA218F25}"
EndProject
Global
	GlobalSection(SolutionConfigurationPlatforms) = preSolution
		Debug|Any CPU = Debug|Any CPU
		Release|Any CPU = Release|Any CPU
	EndGlobalSection
	GlobalSection(ProjectConfigurationPlatforms) = postSolution
		{97CD71D9-1C28-4E27-A55A-29304EE0771D}.Debug|Any CPU.ActiveCfg = Debug|Any CPU
		{97CD71D9-1C28-4E27-A55A-29304EE0771D}.Debug|Any CPU.Build.0 = Debug|Any CPU
		{97CD71D9-1C28-4E27-A55A-29304EE0771D}.Release|Any CPU.ActiveCfg = Release|Any CPU
		{97CD71D9-1C28-4E27-A55A-29304EE0771D}.Release|Any CPU.Build.0 = Release|Any CPU
		{D34F95A2-C035-42A3-9E11-7BFBCA218F25}.Debug|Any CPU.ActiveCfg = Debug|Any CPU
		{D34F95A2-C035-42A3-9E11-7BFBCA218F25}.Debug|Any CPU.Build.0 = Debug|Any CPU
		{D34F95A2-C035-42A3-9E11-7BFBCA218F25}.Release|Any CPU.ActiveCfg = Release|Any CPU
		{D34F95A2-C035-42A3-9E11-7BFBCA218F25}.Release|Any CPU.Build.0 = Release|Any CPU
	EndGlobalSection
	GlobalSection(SolutionProperties) = preSolution
		HideSolutionNode = FALSE
	EndGlobalSection
	GlobalSection(ExtensibilityGlobals) = postSolution
		SolutionGuid = {C54BD624-0B85-4DD8-9859-B6DA35B4714B}
	EndGlobalSection
EndGlobal
